
Microsoft Visual Studio Solution File, Format Version 12.00
# Visual Studio 15
VisualStudioVersion = 15.0.27004.2005
MinimumVisualStudioVersion = 10.0.40219.1
Project("{9A19103F-16F7-4668-BE54-9A1E7A4F7556}") = "SystemContracts", "SystemContracts\SystemContracts.csproj", "{3069869F-0DE2-4757-8573-4FCB7E0A2AEA}"
EndProject
Project("{9A19103F-16F7-4668-BE54-9A1E7A4F7556}") = "HotelSearchingListingBookingEngine.Core", "HotelSearchingListingBookingEngine.Core\HotelSearchingListingBookingEngine.Core.csproj", "{BC8B6519-DB2A-4E96-8A04-67BA9E5681F2}"
EndProject
Project("{9A19103F-16F7-4668-BE54-9A1E7A4F7556}") = "API.Tests", "API.Tests\API.Tests.csproj", "{E16E0908-0E55-4F5F-BE0E-C962AF3344C7}"
EndProject
Project("{9A19103F-16F7-4668-BE54-9A1E7A4F7556}") = "CoreEngine.Tests", "CoreEngine.Tests\CoreEngine.Tests.csproj", "{6E48000E-64D4-4B4B-BDFC-4FC03E4736E2}"
EndProject
Project("{9A19103F-16F7-4668-BE54-9A1E7A4F7556}") = "HotelSearchingListingBooking.API", "HotelSearchingListingBooking.API\HotelSearchingListingBooking.API.csproj", "{0A1BAB64-798B-4F6B-B2D4-47EA9A398B17}"
EndProject
Project("{FAE04EC0-301F-11D3-BF4B-00C04F79EFBC}") = "HotelSearchingListingBooking.Translators", "HotelSearchingListingBooking.Translators\HotelSearchingListingBooking.Translators.csproj", "{D3582555-1167-470C-9338-2B13A97BD06B}"
EndProject
Project("{FAE04EC0-301F-11D3-BF4B-00C04F79EFBC}") = "HotelSearchingListingBooking.Caches", "HotelSearchingListingBooking.Caches\HotelSearchingListingBooking.Caches.csproj", "{3C458D7F-3904-471F-B87B-47059C904E8B}"
EndProject
Project("{FAE04EC0-301F-11D3-BF4B-00C04F79EFBC}") = "HotelSearchingListingBooking.ExternalServices", "HotelSearchingListingBooking.ExternalServices\HotelSearchingListingBooking.ExternalServices.csproj", "{36D21FC7-2582-43DC-90AA-1382021DE15C}"
EndProject
Global
	GlobalSection(SolutionConfigurationPlatforms) = preSolution
		Debug|Any CPU = Debug|Any CPU
		Release|Any CPU = Release|Any CPU
	EndGlobalSection
	GlobalSection(ProjectConfigurationPlatforms) = postSolution
		{3069869F-0DE2-4757-8573-4FCB7E0A2AEA}.Debug|Any CPU.ActiveCfg = Debug|Any CPU
		{3069869F-0DE2-4757-8573-4FCB7E0A2AEA}.Debug|Any CPU.Build.0 = Debug|Any CPU
		{3069869F-0DE2-4757-8573-4FCB7E0A2AEA}.Release|Any CPU.ActiveCfg = Release|Any CPU
		{3069869F-0DE2-4757-8573-4FCB7E0A2AEA}.Release|Any CPU.Build.0 = Release|Any CPU
		{BC8B6519-DB2A-4E96-8A04-67BA9E5681F2}.Debug|Any CPU.ActiveCfg = Debug|Any CPU
		{BC8B6519-DB2A-4E96-8A04-67BA9E5681F2}.Debug|Any CPU.Build.0 = Debug|Any CPU
		{BC8B6519-DB2A-4E96-8A04-67BA9E5681F2}.Release|Any CPU.ActiveCfg = Release|Any CPU
		{BC8B6519-DB2A-4E96-8A04-67BA9E5681F2}.Release|Any CPU.Build.0 = Release|Any CPU
		{E16E0908-0E55-4F5F-BE0E-C962AF3344C7}.Debug|Any CPU.ActiveCfg = Debug|Any CPU
		{E16E0908-0E55-4F5F-BE0E-C962AF3344C7}.Debug|Any CPU.Build.0 = Debug|Any CPU
		{E16E0908-0E55-4F5F-BE0E-C962AF3344C7}.Release|Any CPU.ActiveCfg = Release|Any CPU
		{E16E0908-0E55-4F5F-BE0E-C962AF3344C7}.Release|Any CPU.Build.0 = Release|Any CPU
		{6E48000E-64D4-4B4B-BDFC-4FC03E4736E2}.Debug|Any CPU.ActiveCfg = Debug|Any CPU
		{6E48000E-64D4-4B4B-BDFC-4FC03E4736E2}.Debug|Any CPU.Build.0 = Debug|Any CPU
		{6E48000E-64D4-4B4B-BDFC-4FC03E4736E2}.Release|Any CPU.ActiveCfg = Release|Any CPU
		{6E48000E-64D4-4B4B-BDFC-4FC03E4736E2}.Release|Any CPU.Build.0 = Release|Any CPU
		{0A1BAB64-798B-4F6B-B2D4-47EA9A398B17}.Debug|Any CPU.ActiveCfg = Debug|Any CPU
		{0A1BAB64-798B-4F6B-B2D4-47EA9A398B17}.Debug|Any CPU.Build.0 = Debug|Any CPU
		{0A1BAB64-798B-4F6B-B2D4-47EA9A398B17}.Release|Any CPU.ActiveCfg = Release|Any CPU
		{0A1BAB64-798B-4F6B-B2D4-47EA9A398B17}.Release|Any CPU.Build.0 = Release|Any CPU
		{D3582555-1167-470C-9338-2B13A97BD06B}.Debug|Any CPU.ActiveCfg = Debug|Any CPU
		{D3582555-1167-470C-9338-2B13A97BD06B}.Debug|Any CPU.Build.0 = Debug|Any CPU
		{D3582555-1167-470C-9338-2B13A97BD06B}.Release|Any CPU.ActiveCfg = Release|Any CPU
		{D3582555-1167-470C-9338-2B13A97BD06B}.Release|Any CPU.Build.0 = Release|Any CPU
		{3C458D7F-3904-471F-B87B-47059C904E8B}.Debug|Any CPU.ActiveCfg = Debug|Any CPU
		{3C458D7F-3904-471F-B87B-47059C904E8B}.Debug|Any CPU.Build.0 = Debug|Any CPU
		{3C458D7F-3904-471F-B87B-47059C904E8B}.Release|Any CPU.ActiveCfg = Release|Any CPU
		{3C458D7F-3904-471F-B87B-47059C904E8B}.Release|Any CPU.Build.0 = Release|Any CPU
		{36D21FC7-2582-43DC-90AA-1382021DE15C}.Debug|Any CPU.ActiveCfg = Debug|Any CPU
		{36D21FC7-2582-43DC-90AA-1382021DE15C}.Debug|Any CPU.Build.0 = Debug|Any CPU
		{36D21FC7-2582-43DC-90AA-1382021DE15C}.Release|Any CPU.ActiveCfg = Release|Any CPU
		{36D21FC7-2582-43DC-90AA-1382021DE15C}.Release|Any CPU.Build.0 = Release|Any CPU
	EndGlobalSection
	GlobalSection(SolutionProperties) = preSolution
		HideSolutionNode = FALSE
	EndGlobalSection
	GlobalSection(ExtensibilityGlobals) = postSolution
		SolutionGuid = {97FAB12C-F87C-4C74-A395-3C28DD33C525}
	EndGlobalSection
EndGlobal
